
Microsoft Visual Studio Solution File, Format Version 12.00
Project("{FAE04EC0-301F-11D3-BF4B-00C04F79EFBC}") = "YoutubeCourse.PlatformService", "YoutubeCourse.PlatformService\YoutubeCourse.PlatformService.csproj", "{410F7CCA-91E3-45F5-BA61-665AAEAE33FD}"
EndProject
Project("{FAE04EC0-301F-11D3-BF4B-00C04F79EFBC}") = "YoutubeCourse.CommandService", "YoutubeCourse.CommandService\YoutubeCourse.CommandService.csproj", "{C5266745-332A-422B-A539-891C4645DF0E}"
EndProject
Global
	GlobalSection(SolutionConfigurationPlatforms) = preSolution
		Debug|Any CPU = Debug|Any CPU
		Release|Any CPU = Release|Any CPU
	EndGlobalSection
	GlobalSection(ProjectConfigurationPlatforms) = postSolution
		{410F7CCA-91E3-45F5-BA61-665AAEAE33FD}.Debug|Any CPU.ActiveCfg = Debug|Any CPU
		{410F7CCA-91E3-45F5-BA61-665AAEAE33FD}.Debug|Any CPU.Build.0 = Debug|Any CPU
		{410F7CCA-91E3-45F5-BA61-665AAEAE33FD}.Release|Any CPU.ActiveCfg = Release|Any CPU
		{410F7CCA-91E3-45F5-BA61-665AAEAE33FD}.Release|Any CPU.Build.0 = Release|Any CPU
		{C5266745-332A-422B-A539-891C4645DF0E}.Debug|Any CPU.ActiveCfg = Debug|Any CPU
		{C5266745-332A-422B-A539-891C4645DF0E}.Debug|Any CPU.Build.0 = Debug|Any CPU
		{C5266745-332A-422B-A539-891C4645DF0E}.Release|Any CPU.ActiveCfg = Release|Any CPU
		{C5266745-332A-422B-A539-891C4645DF0E}.Release|Any CPU.Build.0 = Release|Any CPU
	EndGlobalSection
EndGlobal
